
Microsoft Visual Studio Solution File, Format Version 12.00
# Visual Studio 15
Project("{FAE04EC0-301F-11D3-BF4B-00C04F79EFBC}") = "4_median_of_two_sorted_arrays", "4_median_of_two_sorted_arrays.csproj", "{53915E8C-571B-4BAE-8018-BCCAF9219781}"
EndProject
Global
	GlobalSection(SolutionConfigurationPlatforms) = preSolution
		Debug|Any CPU = Debug|Any CPU
		Release|Any CPU = Release|Any CPU
	EndGlobalSection
	GlobalSection(ProjectConfigurationPlatforms) = postSolution
		{53915E8C-571B-4BAE-8018-BCCAF9219781}.Debug|Any CPU.ActiveCfg = Debug|Any CPU
		{53915E8C-571B-4BAE-8018-BCCAF9219781}.Debug|Any CPU.Build.0 = Debug|Any CPU
		{53915E8C-571B-4BAE-8018-BCCAF9219781}.Release|Any CPU.ActiveCfg = Release|Any CPU
		{53915E8C-571B-4BAE-8018-BCCAF9219781}.Release|Any CPU.Build.0 = Release|Any CPU
	EndGlobalSection
EndGlobal
